{
  "projects": [
    {
      "projectId": "58GpZjZCWTaJ8AUhpCwt2K",
      "version": "3.25.0",
      "dependencies": {},
      "lang": "js",
      "fileLocks": [
        {
          "assetId": "58GpZjZCWTaJ8AUhpCwt2K",
          "type": "projectCss",
          "checksum": "fd84921cc10936e6ceb458c2ae01c4bd"
        }
      ],
      "codegenVersion": "0.0.1"
    },
    {
      "projectId": "7nJ7UcFmq9UzB6eXfC5z4a",
      "version": "0.28.0",
      "dependencies": {},
      "lang": "js",
      "fileLocks": [
        {
          "assetId": "7nJ7UcFmq9UzB6eXfC5z4a",
          "type": "projectCss",
          "checksum": "05587b57f22f0ec8bb54543deb39762e"
        }
      ],
      "codegenVersion": "0.0.1"
    },
    {
      "projectId": "oaXUEGapRcCGqowHuDEpD8",
      "version": "latest",
      "dependencies": {
        "7nJ7UcFmq9UzB6eXfC5z4a": "0.28.0",
        "58GpZjZCWTaJ8AUhpCwt2K": "3.25.0"
      },
      "lang": "js",
      "fileLocks": [
        {
          "type": "globalVariant",
          "assetId": "Oyplvy8WjIZJ",
          "checksum": "f0988f28f02bfe6acdea1e999e984b51"
        },
        {
          "assetId": "oaXUEGapRcCGqowHuDEpD8",
          "type": "projectCss",
          "checksum": "5e935f91cfed21eca2f2f73a9f58e8ca"
        },
        {
          "type": "renderModule",
          "assetId": "hwjrDFXlhjSo",
          "checksum": "0204c87a28534b011df3b7a7a785830c"
        },
        {
          "type": "cssRules",
          "assetId": "hwjrDFXlhjSo",
          "checksum": "0204c87a28534b011df3b7a7a785830c"
        },
        {
          "type": "renderModule",
          "assetId": "70iF3PuSXG61",
          "checksum": "26f293d80ab0700039d42e42b90f1447"
        },
        {
          "type": "cssRules",
          "assetId": "70iF3PuSXG61",
          "checksum": "26f293d80ab0700039d42e42b90f1447"
        },
        {
          "type": "renderModule",
          "assetId": "jv_LgadY7Zhn",
          "checksum": "8ad3ae58ae75fec9e8091e02d165d978"
        },
        {
          "type": "cssRules",
          "assetId": "jv_LgadY7Zhn",
          "checksum": "8ad3ae58ae75fec9e8091e02d165d978"
        },
        {
          "type": "renderModule",
          "assetId": "TYimLntQf16_",
          "checksum": "745569e7bbb03f1d08dd7f45925aee84"
        },
        {
          "type": "cssRules",
          "assetId": "TYimLntQf16_",
          "checksum": "745569e7bbb03f1d08dd7f45925aee84"
        },
        {
          "type": "renderModule",
          "assetId": "2P7sajECr50s",
          "checksum": "99c64c96bf46bdf9b92219ff1809262b"
        },
        {
          "type": "cssRules",
          "assetId": "2P7sajECr50s",
          "checksum": "99c64c96bf46bdf9b92219ff1809262b"
        },
        {
          "type": "renderModule",
          "assetId": "YtGQ5t_QmBzd",
          "checksum": "5a499dac2ee57bc68b7d7301a719b3dd"
        },
        {
          "type": "cssRules",
          "assetId": "YtGQ5t_QmBzd",
          "checksum": "5a499dac2ee57bc68b7d7301a719b3dd"
        },
        {
          "type": "renderModule",
          "assetId": "3bfx_b85LIwJ",
          "checksum": "756a132af0c7d3f6d93cc3ec82cc50de"
        },
        {
          "type": "cssRules",
          "assetId": "3bfx_b85LIwJ",
          "checksum": "756a132af0c7d3f6d93cc3ec82cc50de"
        },
        {
          "type": "renderModule",
          "assetId": "lCsreHPXsJ2e",
          "checksum": "62d280763ca2a8103596727f58fbd063"
        },
        {
          "type": "cssRules",
          "assetId": "lCsreHPXsJ2e",
          "checksum": "62d280763ca2a8103596727f58fbd063"
        },
        {
          "type": "renderModule",
          "assetId": "4_3dQhoTcb7a",
          "checksum": "8e8526a94438486d670c6d13c4384509"
        },
        {
          "type": "cssRules",
          "assetId": "4_3dQhoTcb7a",
          "checksum": "8e8526a94438486d670c6d13c4384509"
        },
        {
          "type": "renderModule",
          "assetId": "79j0p_sMg2P0",
          "checksum": "7264c56a305d6781157c690655fa3c72"
        },
        {
          "type": "cssRules",
          "assetId": "79j0p_sMg2P0",
          "checksum": "7264c56a305d6781157c690655fa3c72"
        },
        {
          "type": "renderModule",
          "assetId": "_eM8SB4QErat",
          "checksum": "950c986afe6d33f9ad86f0e2bbb5db24"
        },
        {
          "type": "cssRules",
          "assetId": "_eM8SB4QErat",
          "checksum": "950c986afe6d33f9ad86f0e2bbb5db24"
        },
        {
          "type": "icon",
          "assetId": "sdsJonRhscg5",
          "checksum": "bfc12c73ead17cd52b71dc7b8b1d9d9e"
        },
        {
          "type": "icon",
          "assetId": "5-uwJg7qmtlP",
          "checksum": "b6f7bd8b2f23f9b691026e31844443b0"
        },
        {
          "type": "icon",
          "assetId": "wTDbCbHNGAAJ",
          "checksum": "17c049f947b8a2c8809a5685dc83acae"
        },
        {
          "type": "icon",
          "assetId": "La63aaldRUtB",
          "checksum": "ccd6bb0b51820fab37c2d7b111ae3350"
        },
        {
          "type": "icon",
          "assetId": "HgV55LtsoeTG",
          "checksum": "fa02ea4a61b17e47c9c77cc17a573ef0"
        },
        {
          "type": "icon",
          "assetId": "wI2cEZFeFDqy",
          "checksum": "0db21d0afc8478f19d67b47da162ac7f"
        },
        {
          "type": "icon",
          "assetId": "usz9xS_8UbNP",
          "checksum": "df9e2878218cf7438ff4762a4a64650a"
        },
        {
          "type": "icon",
          "assetId": "46f3XTocZ9SH",
          "checksum": "cc98d877a6b31ae368becf9f055d7b0d"
        },
        {
          "type": "icon",
          "assetId": "_3YZrEJ4O5Oh",
          "checksum": "77a96811fde5cd9e6c92288fd92c5e61"
        },
        {
          "type": "icon",
          "assetId": "Mx4hfvEptn-R",
          "checksum": "55d35118cc944c56c145788fda2461e2"
        },
        {
          "type": "image",
          "assetId": "ScnnLe3Z1tgj",
          "checksum": "9d08b72380c3a8002c9fce095e3e803f"
        },
        {
          "type": "image",
          "assetId": "ITSt5NEzM0B3",
          "checksum": "4768987f3004a2e210a2d043298d3ece"
        },
        {
          "type": "image",
          "assetId": "EKBAMXdxRSSu",
          "checksum": "5b46c62e18039f319e94f87a3de35c57"
        },
        {
          "type": "image",
          "assetId": "E-QqBqM4eOF1",
          "checksum": "c2603637fb81622d6bcf2964ec7aa094"
        },
        {
          "type": "image",
          "assetId": "CqE2cpEXdS3N",
          "checksum": "3b2f3007466f5381461270b666b19cac"
        },
        {
          "type": "image",
          "assetId": "HHIHV4e_1F_N",
          "checksum": "3613f4d558482baa22c583295abff86c"
        },
        {
          "type": "image",
          "assetId": "XSscxaY-WApw",
          "checksum": "15004547473274400f86fc2765d77826"
        },
        {
          "type": "image",
          "assetId": "worKI2VSq3ub",
          "checksum": "ddf3e5805f5f641f204d496682eef3df"
        },
        {
          "type": "image",
          "assetId": "FX_Xz9dtmxfF",
          "checksum": "e10795468e73dc100c8cca595d7f2aef"
        },
        {
          "type": "image",
          "assetId": "1IIYkE_GuAyo",
          "checksum": "858ca1f9d0b1620643e0a4a70b5d27e0"
        },
        {
          "type": "image",
          "assetId": "gC3yAPOqYRQK",
          "checksum": "a37ac8699cf41e6813daeb61f6cf4637"
        },
        {
          "type": "image",
          "assetId": "k5_obHRH-E_w",
          "checksum": "4984bbdef7529fd24f615c4df67a731f"
        },
        {
          "type": "image",
          "assetId": "rSFiozcNx5CC",
          "checksum": "d766f3acd5f1de4776e0731d35976af7"
        },
        {
          "type": "image",
          "assetId": "vOsRTFH2NPkX",
          "checksum": "9b4b2d3bdc619de9e3608687f5a22857"
        },
        {
          "type": "image",
          "assetId": "FFSIvQMEBJHT",
          "checksum": "d72f3e8e77342a1a52aa4c4881ce9bea"
        },
        {
          "type": "image",
          "assetId": "knGFPQtjfxff",
          "checksum": "7fb58802424f767dc910c5fe011f5a48"
        },
        {
          "type": "image",
          "assetId": "7_VxpVKNzl7X",
          "checksum": "9dc5aad254eafb6edfb5487a5177c0ba"
        },
        {
          "type": "image",
          "assetId": "uPHPsKDLt4QO",
          "checksum": "b5b7fd9e85c27aa4be8ce8d9b32cf5fe"
        },
        {
          "type": "image",
          "assetId": "bnuSQY8Nafxm",
          "checksum": "b68183ef3fafcc1b6bcb35761a6b9677"
        },
        {
          "type": "image",
          "assetId": "qowOtF4pkoDp",
          "checksum": "83a8c620c0ee5aae4fafcdbef4abf3d2"
        },
        {
          "type": "image",
          "assetId": "j5lNwzFQ5Akr",
          "checksum": "e170e96947df9da8a7c8c3caeefeef87"
        },
        {
          "type": "image",
          "assetId": "wWYrCGsiR2LL",
          "checksum": "b76bb0d2219e076970364e5f4b7234dc"
        },
        {
          "type": "image",
          "assetId": "dmRUSNqWyzcs",
          "checksum": "bc0dd49543ff27b45faa600a57278bfa"
        },
        {
          "type": "image",
          "assetId": "lC3KBV9mnZKJ",
          "checksum": "8b91d0befbbe24a32533a03e5db082ed"
        },
        {
          "type": "image",
          "assetId": "nVvMpZ8OsWIn",
          "checksum": "98ad13b132fae3d306862f064b75bc65"
        },
        {
          "type": "image",
          "assetId": "i6u2NtO-oYF4",
          "checksum": "012a886ee642d18e23cb52e8f82d64e0"
        },
        {
          "type": "image",
          "assetId": "ikTRbx7LCLIV",
          "checksum": "18935ea9d7018045e957ec425e3a68f9"
        },
        {
          "type": "image",
          "assetId": "UuUtvFbeYUNC",
          "checksum": "68bbb84432be44ca715b210b7df4182c"
        },
        {
          "type": "image",
          "assetId": "mMpCy3BPWPj7",
          "checksum": "b8146e54ed91790189b1c27f50f46ddf"
        },
        {
          "type": "image",
          "assetId": "fnsXZ1SKF_rT",
          "checksum": "d541a503e48de5e8db7ba18e25634e55"
        },
        {
          "type": "image",
          "assetId": "TRXj5FX0WcKg",
          "checksum": "22e448d2ade4989235bc91b073962989"
        },
        {
          "type": "image",
          "assetId": "oEjsKvZQNOKw",
          "checksum": "0aa16631bd408875cab14aa2741a5084"
        },
        {
          "type": "image",
          "assetId": "4M75CDtCLHyw",
          "checksum": "46c66a5abac8ba030d2e09d06367b521"
        },
        {
          "type": "image",
          "assetId": "QWJAVbg5YN6O",
          "checksum": "62ad3bd0466625548e0b11d1e0427bd5"
        },
        {
          "type": "image",
          "assetId": "3mdgluul01rs",
          "checksum": "9700f267c63bc8c9ea01eb470fc04bdb"
        },
        {
          "type": "image",
          "assetId": "rA8yuONdqfzT",
          "checksum": "88f965bb54c1cb8954f2cb374c1fd518"
        },
        {
          "type": "image",
          "assetId": "w0dGRrXSzML-",
          "checksum": "93f2e10f7b3d32fc6804c6c624a62bcb"
        },
        {
          "type": "image",
          "assetId": "5VyY-ikESavh",
          "checksum": "4aab36c33a475b445dbb8dd504112428"
        },
        {
          "type": "image",
          "assetId": "K4qGqA-nWa2-",
          "checksum": "caa54cde000d58d39cbd0b8c91749f89"
        },
        {
          "type": "image",
          "assetId": "YTG1lPCNNvxr",
          "checksum": "3125b9614079d2a2caa54bfee900c0e7"
        },
        {
          "type": "image",
          "assetId": "LAChgPI0gxtI",
          "checksum": "95097c24a5f8f429aa0395a1b1bd4b94"
        },
        {
          "type": "image",
          "assetId": "Zb6ZaYwLk5II",
          "checksum": "0180c47e420b3f9481139cbec6473250"
        },
        {
          "type": "image",
          "assetId": "j4M6PKFr_CwN",
          "checksum": "d6e530d60cc803425cebd21946a79ae2"
        },
        {
          "type": "image",
          "assetId": "fbtveiBR0l-y",
          "checksum": "6b8a20a24b33aaa8840a38bd4ec4cb06"
        }
      ],
      "codegenVersion": "0.0.1"
    }
  ],
  "cliVersion": "0.1.330"
}
